
Microsoft Visual Studio Solution File, Format Version 12.00
# Visual Studio Version 17
VisualStudioVersion = 17.7.34009.444
MinimumVisualStudioVersion = 10.0.40219.1
Project("{FAE04EC0-301F-11D3-BF4B-00C04F79EFBC}") = "WebApplication1", "WebApplication1.csproj", "{367B55C1-C962-4750-99A1-FACF5C07D681}"
EndProject
Global
	GlobalSection(SolutionConfigurationPlatforms) = preSolution
		Debug|Any CPU = Debug|Any CPU
		Release|Any CPU = Release|Any CPU
	EndGlobalSection
	GlobalSection(ProjectConfigurationPlatforms) = postSolution
		{367B55C1-C962-4750-99A1-FACF5C07D681}.Debug|Any CPU.ActiveCfg = Debug|Any CPU
		{367B55C1-C962-4750-99A1-FACF5C07D681}.Debug|Any CPU.Build.0 = Debug|Any CPU
		{367B55C1-C962-4750-99A1-FACF5C07D681}.Release|Any CPU.ActiveCfg = Release|Any CPU
		{367B55C1-C962-4750-99A1-FACF5C07D681}.Release|Any CPU.Build.0 = Release|Any CPU
	EndGlobalSection
	GlobalSection(SolutionProperties) = preSolution
		HideSolutionNode = FALSE
	EndGlobalSection
	GlobalSection(ExtensibilityGlobals) = postSolution
		SolutionGuid = {8A256E8C-3EFE-4306-A0E4-17180B69A469}
	EndGlobalSection
EndGlobal
